
Microsoft Visual Studio Solution File, Format Version 12.00
# Visual Studio Version 16
VisualStudioVersion = 16.0.31624.102
MinimumVisualStudioVersion = 10.0.40219.1
Project("{FAE04EC0-301F-11D3-BF4B-00C04F79EFBC}") = "Lesson3HW", "Lesson3HW\Lesson3HW.csproj", "{7712059B-AA1C-4ACF-9228-8129BB684B67}"
EndProject
Global
	GlobalSection(SolutionConfigurationPlatforms) = preSolution
		Debug|Any CPU = Debug|Any CPU
		Release|Any CPU = Release|Any CPU
	EndGlobalSection
	GlobalSection(ProjectConfigurationPlatforms) = postSolution
		{7712059B-AA1C-4ACF-9228-8129BB684B67}.Debug|Any CPU.ActiveCfg = Debug|Any CPU
		{7712059B-AA1C-4ACF-9228-8129BB684B67}.Debug|Any CPU.Build.0 = Debug|Any CPU
		{7712059B-AA1C-4ACF-9228-8129BB684B67}.Release|Any CPU.ActiveCfg = Release|Any CPU
		{7712059B-AA1C-4ACF-9228-8129BB684B67}.Release|Any CPU.Build.0 = Release|Any CPU
	EndGlobalSection
	GlobalSection(SolutionProperties) = preSolution
		HideSolutionNode = FALSE
	EndGlobalSection
	GlobalSection(ExtensibilityGlobals) = postSolution
		SolutionGuid = {48CAFB96-E4BC-459D-8A73-9A8DA5CAFBAE}
	EndGlobalSection
EndGlobal
